
Microsoft Visual Studio Solution File, Format Version 12.00
# Visual Studio Version 16
VisualStudioVersion = 16.0.29509.3
MinimumVisualStudioVersion = 10.0.40219.1
Project("{FAE04EC0-301F-11D3-BF4B-00C04F79EFBC}") = "JokeWebApp", "JokeWebApp\JokeWebApp.csproj", "{7FE757E4-E50B-4EFF-8D42-02DAAE09ED73}"
EndProject
Project("{FAE04EC0-301F-11D3-BF4B-00C04F79EFBC}") = "JokeApi", "JokeGeneratorService\JokeApi.csproj", "{107CFADC-5294-43F1-AF3B-18FF38B0C627}"
EndProject
Project("{FAE04EC0-301F-11D3-BF4B-00C04F79EFBC}") = "Library.NetworkService", "NetworkService\Library.NetworkService.csproj", "{9F18B272-1976-4B87-89AF-914CE86CA1B2}"
EndProject
Project("{FAE04EC0-301F-11D3-BF4B-00C04F79EFBC}") = "Library.Common", "Library.Common\Library.Common.csproj", "{30D63BB1-1B85-4738-BE05-79627313170D}"
EndProject
Global
	GlobalSection(SolutionConfigurationPlatforms) = preSolution
		Debug|Any CPU = Debug|Any CPU
		Release|Any CPU = Release|Any CPU
	EndGlobalSection
	GlobalSection(ProjectConfigurationPlatforms) = postSolution
		{7FE757E4-E50B-4EFF-8D42-02DAAE09ED73}.Debug|Any CPU.ActiveCfg = Debug|Any CPU
		{7FE757E4-E50B-4EFF-8D42-02DAAE09ED73}.Debug|Any CPU.Build.0 = Debug|Any CPU
		{7FE757E4-E50B-4EFF-8D42-02DAAE09ED73}.Release|Any CPU.ActiveCfg = Release|Any CPU
		{7FE757E4-E50B-4EFF-8D42-02DAAE09ED73}.Release|Any CPU.Build.0 = Release|Any CPU
		{107CFADC-5294-43F1-AF3B-18FF38B0C627}.Debug|Any CPU.ActiveCfg = Debug|Any CPU
		{107CFADC-5294-43F1-AF3B-18FF38B0C627}.Debug|Any CPU.Build.0 = Debug|Any CPU
		{107CFADC-5294-43F1-AF3B-18FF38B0C627}.Release|Any CPU.ActiveCfg = Release|Any CPU
		{107CFADC-5294-43F1-AF3B-18FF38B0C627}.Release|Any CPU.Build.0 = Release|Any CPU
		{9F18B272-1976-4B87-89AF-914CE86CA1B2}.Debug|Any CPU.ActiveCfg = Debug|Any CPU
		{9F18B272-1976-4B87-89AF-914CE86CA1B2}.Debug|Any CPU.Build.0 = Debug|Any CPU
		{9F18B272-1976-4B87-89AF-914CE86CA1B2}.Release|Any CPU.ActiveCfg = Release|Any CPU
		{9F18B272-1976-4B87-89AF-914CE86CA1B2}.Release|Any CPU.Build.0 = Release|Any CPU
		{30D63BB1-1B85-4738-BE05-79627313170D}.Debug|Any CPU.ActiveCfg = Debug|Any CPU
		{30D63BB1-1B85-4738-BE05-79627313170D}.Debug|Any CPU.Build.0 = Debug|Any CPU
		{30D63BB1-1B85-4738-BE05-79627313170D}.Release|Any CPU.ActiveCfg = Release|Any CPU
		{30D63BB1-1B85-4738-BE05-79627313170D}.Release|Any CPU.Build.0 = Release|Any CPU
	EndGlobalSection
	GlobalSection(SolutionProperties) = preSolution
		HideSolutionNode = FALSE
	EndGlobalSection
	GlobalSection(ExtensibilityGlobals) = postSolution
		SolutionGuid = {BA7D2421-1929-4416-A61F-91F2BB0B0DFD}
	EndGlobalSection
EndGlobal
